
Microsoft Visual Studio Solution File, Format Version 10.00
# Visual Studio 2008
Project("{FAE04EC0-301F-11D3-BF4B-00C04F79EFBC}") = "FOS-Einvoice", "FOS-Einvoice\FOS-Einvoice.csproj", "{656340F4-4E2F-4C8B-83F0-442F3588FCA4}"
EndProject
Project("{FAE04EC0-301F-11D3-BF4B-00C04F79EFBC}") = "FOS-Utils", "..\FOS-Utils\FOS-Utils\FOS-Utils.csproj", "{05CD2BC3-5C75-4C7B-869A-182B4227DC7F}"
EndProject
Project("{FAE04EC0-301F-11D3-BF4B-00C04F79EFBC}") = "FOS-SK", "FOS-SK\FOS-SK.csproj", "{38F0AF4B-E939-4343-ACC4-94E2FFB6BAD1}"
EndProject
Global
	GlobalSection(SolutionConfigurationPlatforms) = preSolution
		Debug|Any CPU = Debug|Any CPU
		Release|Any CPU = Release|Any CPU
	EndGlobalSection
	GlobalSection(ProjectConfigurationPlatforms) = postSolution
		{656340F4-4E2F-4C8B-83F0-442F3588FCA4}.Debug|Any CPU.ActiveCfg = Debug|Any CPU
		{656340F4-4E2F-4C8B-83F0-442F3588FCA4}.Debug|Any CPU.Build.0 = Debug|Any CPU
		{656340F4-4E2F-4C8B-83F0-442F3588FCA4}.Release|Any CPU.ActiveCfg = Release|Any CPU
		{656340F4-4E2F-4C8B-83F0-442F3588FCA4}.Release|Any CPU.Build.0 = Release|Any CPU
		{05CD2BC3-5C75-4C7B-869A-182B4227DC7F}.Debug|Any CPU.ActiveCfg = Debug|Any CPU
		{05CD2BC3-5C75-4C7B-869A-182B4227DC7F}.Debug|Any CPU.Build.0 = Debug|Any CPU
		{05CD2BC3-5C75-4C7B-869A-182B4227DC7F}.Release|Any CPU.ActiveCfg = Release|Any CPU
		{05CD2BC3-5C75-4C7B-869A-182B4227DC7F}.Release|Any CPU.Build.0 = Release|Any CPU
		{38F0AF4B-E939-4343-ACC4-94E2FFB6BAD1}.Debug|Any CPU.ActiveCfg = Debug|Any CPU
		{38F0AF4B-E939-4343-ACC4-94E2FFB6BAD1}.Debug|Any CPU.Build.0 = Debug|Any CPU
		{38F0AF4B-E939-4343-ACC4-94E2FFB6BAD1}.Release|Any CPU.ActiveCfg = Release|Any CPU
		{38F0AF4B-E939-4343-ACC4-94E2FFB6BAD1}.Release|Any CPU.Build.0 = Release|Any CPU
	EndGlobalSection
	GlobalSection(SolutionProperties) = preSolution
		HideSolutionNode = FALSE
	EndGlobalSection
EndGlobal
